{
  "name": "tide-js",
  "version": "0.0.1",
  "lockfileVersion": 3,
  "requires": true,
  "packages": {
    "": {
      "name": "tide-js",
      "version": "0.0.1",
      "license": "ISC",
      "dependencies": {
        "asgard-tide": "file:~/asgard"
      }
    },
    "../../asgard": {
      "name": "asgard-tide",
      "version": "0.0.1",
      "license": "ISC",
      "devDependencies": {
        "@types/node": "^24.10.1",
        "typescript": "^5.9.3"
      }
    },
    "node_modules/asgard-tide": {
      "resolved": "../../asgard",
      "link": true
    }
  }
}
